{
  "name": "floatthead",
  "version": "2.1.4",
  "lockfileVersion": 1,
  "requires": true,
  "dependencies": {
    "commander": {
      "version": "2.15.1",
      "resolved": "https://registry.npmjs.org/commander/-/commander-2.15.1.tgz",
      "integrity": "sha512-VlfT9F3V0v+jr4yxPc5gg9s62/fIVWsd2Bk2iD435um1NlGMYdVCq+MjcXnhYq2icNOizHr1kK+5TI6H0Hy0ag==",
      "dev": true
    },
    "source-map": {
      "version": "0.6.1",
      "resolved": "https://registry.npmjs.org/source-map/-/source-map-0.6.1.tgz",
      "integrity": "sha512-UjgapumWlbMhkBgzT7Ykc5YXUT46F0iKu8SGXq0bcwP5dz/h0Plj6enJqjz1Zbq2l5WaqYnrVbwWOWMyF3F47g==",
      "dev": true
    },
    "uglify-js": {
      "version": "3.3.21",
      "resolved": "https://registry.npmjs.org/uglify-js/-/uglify-js-3.3.21.tgz",
      "integrity": "sha512-uy82472lH8tshK3jS3c5IFb5MmNKd/5qyBd0ih8sM42L3jWvxnE339U9gZU1zufnLVs98Stib9twq8dLm2XYCA==",
      "dev": true,
      "requires": {
        "commander": "2.15.1",
        "source-map": "0.6.1"
      }
    }
  }
}
